PODS:
  - AKUTestKit (1.0.1)
  - Kiwi (2.3.0)
  - MagicalRecord (2.2)
  - RequestInMemory (2.0.1)

DEPENDENCIES:
  - AKUTestKit
  - Kiwi
  - MagicalRecord (~> 2.2)
  - RequestInMemory (from `../`)

EXTERNAL SOURCES:
  RequestInMemory:
    :path: ../

SPEC CHECKSUMS:
  AKUTestKit: 9da989c896bce2ff680a0457273150ef186b08d8
  Kiwi: 54bece5b35564d9b8e03c608d926f1a22fcfc589
  MagicalRecord: b1fc46c99a9749fe7fe7e6f43a89b62ef5201933
  RequestInMemory: 47239ec2f6d4d86be7a54c91947d0e16f069fee0

COCOAPODS: 0.33.1
